# This file is automatically @generated by Cargo.
# It is not intended for manual editing.
[[package]]
name = "block_soon"
version = "0.1.0"
dependencies = [
 "users 0.9.1 (registry+https://github.com/rust-lang/crates.io-index)",
]

[[package]]
name = "libc"
version = "0.2.66"
source = "registry+https://github.com/rust-lang/crates.io-index"

[[package]]
name = "users"
version = "0.9.1"
source = "registry+https://github.com/rust-lang/crates.io-index"
dependencies = [
 "libc 0.2.66 (registry+https://github.com/rust-lang/crates.io-index)",
]

[metadata]
"checksum libc 0.2.66 (registry+https://github.com/rust-lang/crates.io-index)" = "d515b1f41455adea1313a4a2ac8a8a477634fbae63cc6100e3aebb207ce61558"
"checksum users 0.9.1 (registry+https://github.com/rust-lang/crates.io-index)" = "c72f4267aea0c3ec6d07eaabea6ead7c5ddacfafc5e22bcf8d186706851fb4cf"
